
Microsoft Visual Studio Solution File, Format Version 12.00
# Visual Studio Version 17
VisualStudioVersion = 17.5.002.0
MinimumVisualStudioVersion = 10.0.40219.1
Project("{9A19103F-16F7-4668-BE54-9A1E7A4F7556}") = "PeckProductsApp", "PeckProductsApp.csproj", "{B16A9BFF-1364-433C-8F32-4D98BDEDF5F0}"
EndProject
Global
	GlobalSection(SolutionConfigurationPlatforms) = preSolution
		Debug|Any CPU = Debug|Any CPU
		Release|Any CPU = Release|Any CPU
	EndGlobalSection
	GlobalSection(ProjectConfigurationPlatforms) = postSolution
		{B16A9BFF-1364-433C-8F32-4D98BDEDF5F0}.Debug|Any CPU.ActiveCfg = Debug|Any CPU
		{B16A9BFF-1364-433C-8F32-4D98BDEDF5F0}.Debug|Any CPU.Build.0 = Debug|Any CPU
		{B16A9BFF-1364-433C-8F32-4D98BDEDF5F0}.Release|Any CPU.ActiveCfg = Release|Any CPU
		{B16A9BFF-1364-433C-8F32-4D98BDEDF5F0}.Release|Any CPU.Build.0 = Release|Any CPU
	EndGlobalSection
	GlobalSection(SolutionProperties) = preSolution
		HideSolutionNode = FALSE
	EndGlobalSection
	GlobalSection(ExtensibilityGlobals) = postSolution
		SolutionGuid = {4DA34C62-0031-492A-876A-922A43103D23}
	EndGlobalSection
EndGlobal
